
Microsoft Visual Studio Solution File, Format Version 12.00
# Visual Studio Version 16
VisualStudioVersion = 16.0.31729.503
MinimumVisualStudioVersion = 10.0.40219.1
Project("{FAE04EC0-301F-11D3-BF4B-00C04F79EFBC}") = "Aplicacao.NFSe", "Aplicacao.NFSe\Aplicacao.NFSe.csproj", "{3B272B53-E523-40FF-954F-5CFBDF54F8BA}"
EndProject
Project("{FAE04EC0-301F-11D3-BF4B-00C04F79EFBC}") = "Aplicacao.NFSe.ConsoleApplication", "Aplicacao.NFSe.ConsoleApplication\Aplicacao.NFSe.ConsoleApplication.csproj", "{E6BC9CA9-1600-43F9-A03D-61ADF24680A6}"
EndProject
Global
	GlobalSection(SolutionConfigurationPlatforms) = preSolution
		Debug|Any CPU = Debug|Any CPU
		Release|Any CPU = Release|Any CPU
	EndGlobalSection
	GlobalSection(ProjectConfigurationPlatforms) = postSolution
		{3B272B53-E523-40FF-954F-5CFBDF54F8BA}.Debug|Any CPU.ActiveCfg = Debug|Any CPU
		{3B272B53-E523-40FF-954F-5CFBDF54F8BA}.Debug|Any CPU.Build.0 = Debug|Any CPU
		{3B272B53-E523-40FF-954F-5CFBDF54F8BA}.Release|Any CPU.ActiveCfg = Release|Any CPU
		{3B272B53-E523-40FF-954F-5CFBDF54F8BA}.Release|Any CPU.Build.0 = Release|Any CPU
		{E6BC9CA9-1600-43F9-A03D-61ADF24680A6}.Debug|Any CPU.ActiveCfg = Debug|Any CPU
		{E6BC9CA9-1600-43F9-A03D-61ADF24680A6}.Debug|Any CPU.Build.0 = Debug|Any CPU
		{E6BC9CA9-1600-43F9-A03D-61ADF24680A6}.Release|Any CPU.ActiveCfg = Release|Any CPU
		{E6BC9CA9-1600-43F9-A03D-61ADF24680A6}.Release|Any CPU.Build.0 = Release|Any CPU
	EndGlobalSection
	GlobalSection(SolutionProperties) = preSolution
		HideSolutionNode = FALSE
	EndGlobalSection
	GlobalSection(ExtensibilityGlobals) = postSolution
		SolutionGuid = {61072C79-C94C-4B91-A601-FD37CBF1984B}
	EndGlobalSection
EndGlobal
